
Microsoft Visual Studio Solution File, Format Version 12.00
# Visual Studio 2012
Project("{FAE04EC0-301F-11D3-BF4B-00C04F79EFBC}") = "ConsoleApplication2", "ConsoleApplication2.csproj", "{AEBBD1EF-3E9C-4C92-8EA0-01ED656D4E35}"
EndProject
Global
	GlobalSection(SolutionConfigurationPlatforms) = preSolution
		Debug|Any CPU = Debug|Any CPU
		Release|Any CPU = Release|Any CPU
	EndGlobalSection
	GlobalSection(ProjectConfigurationPlatforms) = postSolution
		{AEBBD1EF-3E9C-4C92-8EA0-01ED656D4E35}.Debug|Any CPU.ActiveCfg = Debug|Any CPU
		{AEBBD1EF-3E9C-4C92-8EA0-01ED656D4E35}.Debug|Any CPU.Build.0 = Debug|Any CPU
		{AEBBD1EF-3E9C-4C92-8EA0-01ED656D4E35}.Release|Any CPU.ActiveCfg = Release|Any CPU
		{AEBBD1EF-3E9C-4C92-8EA0-01ED656D4E35}.Release|Any CPU.Build.0 = Release|Any CPU
	EndGlobalSection
	GlobalSection(SolutionProperties) = preSolution
		HideSolutionNode = FALSE
	EndGlobalSection
EndGlobal
